
Microsoft Visual Studio Solution File, Format Version 12.00
# Visual Studio Version 17
VisualStudioVersion = 17.1.32414.318
MinimumVisualStudioVersion = 10.0.40219.1
Project("{2150E333-8FDC-42A3-9474-1A3956D46DE8}") = "CatalogService", "CatalogService", "{78A0EE76-43A4-4874-AA94-C0DF1C3E5E1C}"
EndProject
Project("{9A19103F-16F7-4668-BE54-9A1E7A4F7556}") = "MicroShop.Catalog.API", "MicroShop.Catalog.API\MicroShop.Catalog.API.csproj", "{CE3E1B3B-FBAF-4C56-93A5-CC292C175739}"
EndProject
Project("{2150E333-8FDC-42A3-9474-1A3956D46DE8}") = "EmailService", "EmailService", "{3EECB9FD-CD3D-43C4-86E9-28E074733C78}"
EndProject
Project("{2150E333-8FDC-42A3-9474-1A3956D46DE8}") = "IdentityService", "IdentityService", "{96D0407A-30AC-4AC2-A79C-4EF9019059F0}"
EndProject
Project("{2150E333-8FDC-42A3-9474-1A3956D46DE8}") = "BasketService", "BasketService", "{6F159CCC-4665-409C-8A7B-036FB967C8C0}"
EndProject
Project("{2150E333-8FDC-42A3-9474-1A3956D46DE8}") = "OrderService", "OrderService", "{05EB2419-A101-4076-83C8-EAA46200AE0D}"
EndProject
Project("{2150E333-8FDC-42A3-9474-1A3956D46DE8}") = "API", "API", "{DF1E8F44-F311-4D01-A5A0-40B706E9F569}"
EndProject
Project("{2150E333-8FDC-42A3-9474-1A3956D46DE8}") = "Core", "Core", "{D51D053C-7576-4683-A0AF-8E6985ADFC91}"
EndProject
Project("{9A19103F-16F7-4668-BE54-9A1E7A4F7556}") = "MicroShop.Catalog.Core.Application.Features", "MicroShop.Catalog.Code.Domain.Application\MicroShop.Catalog.Core.Application.Features.csproj", "{D77DF0CF-1E92-4FB7-A64E-F13F2ECC9AF2}"
EndProject
Project("{2150E333-8FDC-42A3-9474-1A3956D46DE8}") = "Resources", "Resources", "{F77CE2D0-D3CB-4AE4-B814-8185217C2F8A}"
EndProject
Project("{FAE04EC0-301F-11D3-BF4B-00C04F79EFBC}") = "MicroShop.Catalog.Database", "MicroShop.Catalog.Database\MicroShop.Catalog.Database.csproj", "{0FB3203A-086F-4F9C-901C-13FACCA0E1FC}"
EndProject
Project("{FAE04EC0-301F-11D3-BF4B-00C04F79EFBC}") = "MicroShop.Catalog.Database.Entities", "MicroShop.Catalog.Database.Models\MicroShop.Catalog.Database.Entities.csproj", "{EB36BA4B-A47B-468D-88CA-25C05CE0B9DE}"
EndProject
Project("{2150E333-8FDC-42A3-9474-1A3956D46DE8}") = "Application", "Application", "{F42992F1-9332-4BB1-B11C-50DDC64E030E}"
EndProject
Project("{FAE04EC0-301F-11D3-BF4B-00C04F79EFBC}") = "MicroShop.Catalog.Core.Application.Behaviours", "MicroShop.Catalog.Core.Application.Behaviours\MicroShop.Catalog.Core.Application.Behaviours.csproj", "{3EA240C6-7D65-4F5D-BE61-A6E0CA54E7DB}"
EndProject
Global
	GlobalSection(SolutionConfigurationPlatforms) = preSolution
		Debug|Any CPU = Debug|Any CPU
		Release|Any CPU = Release|Any CPU
	EndGlobalSection
	GlobalSection(ProjectConfigurationPlatforms) = postSolution
		{CE3E1B3B-FBAF-4C56-93A5-CC292C175739}.Debug|Any CPU.ActiveCfg = Debug|Any CPU
		{CE3E1B3B-FBAF-4C56-93A5-CC292C175739}.Debug|Any CPU.Build.0 = Debug|Any CPU
		{CE3E1B3B-FBAF-4C56-93A5-CC292C175739}.Release|Any CPU.ActiveCfg = Release|Any CPU
		{CE3E1B3B-FBAF-4C56-93A5-CC292C175739}.Release|Any CPU.Build.0 = Release|Any CPU
		{D77DF0CF-1E92-4FB7-A64E-F13F2ECC9AF2}.Debug|Any CPU.ActiveCfg = Debug|Any CPU
		{D77DF0CF-1E92-4FB7-A64E-F13F2ECC9AF2}.Debug|Any CPU.Build.0 = Debug|Any CPU
		{D77DF0CF-1E92-4FB7-A64E-F13F2ECC9AF2}.Release|Any CPU.ActiveCfg = Release|Any CPU
		{D77DF0CF-1E92-4FB7-A64E-F13F2ECC9AF2}.Release|Any CPU.Build.0 = Release|Any CPU
		{0FB3203A-086F-4F9C-901C-13FACCA0E1FC}.Debug|Any CPU.ActiveCfg = Debug|Any CPU
		{0FB3203A-086F-4F9C-901C-13FACCA0E1FC}.Debug|Any CPU.Build.0 = Debug|Any CPU
		{0FB3203A-086F-4F9C-901C-13FACCA0E1FC}.Release|Any CPU.ActiveCfg = Release|Any CPU
		{0FB3203A-086F-4F9C-901C-13FACCA0E1FC}.Release|Any CPU.Build.0 = Release|Any CPU
		{EB36BA4B-A47B-468D-88CA-25C05CE0B9DE}.Debug|Any CPU.ActiveCfg = Debug|Any CPU
		{EB36BA4B-A47B-468D-88CA-25C05CE0B9DE}.Debug|Any CPU.Build.0 = Debug|Any CPU
		{EB36BA4B-A47B-468D-88CA-25C05CE0B9DE}.Release|Any CPU.ActiveCfg = Release|Any CPU
		{EB36BA4B-A47B-468D-88CA-25C05CE0B9DE}.Release|Any CPU.Build.0 = Release|Any CPU
		{3EA240C6-7D65-4F5D-BE61-A6E0CA54E7DB}.Debug|Any CPU.ActiveCfg = Debug|Any CPU
		{3EA240C6-7D65-4F5D-BE61-A6E0CA54E7DB}.Debug|Any CPU.Build.0 = Debug|Any CPU
		{3EA240C6-7D65-4F5D-BE61-A6E0CA54E7DB}.Release|Any CPU.ActiveCfg = Release|Any CPU
		{3EA240C6-7D65-4F5D-BE61-A6E0CA54E7DB}.Release|Any CPU.Build.0 = Release|Any CPU
	EndGlobalSection
	GlobalSection(SolutionProperties) = preSolution
		HideSolutionNode = FALSE
	EndGlobalSection
	GlobalSection(NestedProjects) = preSolution
		{CE3E1B3B-FBAF-4C56-93A5-CC292C175739} = {DF1E8F44-F311-4D01-A5A0-40B706E9F569}
		{DF1E8F44-F311-4D01-A5A0-40B706E9F569} = {78A0EE76-43A4-4874-AA94-C0DF1C3E5E1C}
		{D51D053C-7576-4683-A0AF-8E6985ADFC91} = {78A0EE76-43A4-4874-AA94-C0DF1C3E5E1C}
		{D77DF0CF-1E92-4FB7-A64E-F13F2ECC9AF2} = {F42992F1-9332-4BB1-B11C-50DDC64E030E}
		{F77CE2D0-D3CB-4AE4-B814-8185217C2F8A} = {78A0EE76-43A4-4874-AA94-C0DF1C3E5E1C}
		{0FB3203A-086F-4F9C-901C-13FACCA0E1FC} = {F77CE2D0-D3CB-4AE4-B814-8185217C2F8A}
		{EB36BA4B-A47B-468D-88CA-25C05CE0B9DE} = {F77CE2D0-D3CB-4AE4-B814-8185217C2F8A}
		{F42992F1-9332-4BB1-B11C-50DDC64E030E} = {D51D053C-7576-4683-A0AF-8E6985ADFC91}
		{3EA240C6-7D65-4F5D-BE61-A6E0CA54E7DB} = {F42992F1-9332-4BB1-B11C-50DDC64E030E}
	EndGlobalSection
	GlobalSection(ExtensibilityGlobals) = postSolution
		SolutionGuid = {0DE0740B-4B46-4C52-B442-7ECB58E06A51}
	EndGlobalSection
EndGlobal
