
Microsoft Visual Studio Solution File, Format Version 12.00
# Visual Studio Version 17
VisualStudioVersion = 17.1.32414.318
MinimumVisualStudioVersion = 10.0.40219.1
Project("{2150E333-8FDC-42A3-9474-1A3956D46DE8}") = "CatalogService", "CatalogService", "{78A0EE76-43A4-4874-AA94-C0DF1C3E5E1C}"
EndProject
Project("{9A19103F-16F7-4668-BE54-9A1E7A4F7556}") = "MicroShop.Catalog.API", "MicroShop.Catalog.API\MicroShop.Catalog.API.csproj", "{CE3E1B3B-FBAF-4C56-93A5-CC292C175739}"
EndProject
Project("{2150E333-8FDC-42A3-9474-1A3956D46DE8}") = "EmailService", "EmailService", "{3EECB9FD-CD3D-43C4-86E9-28E074733C78}"
EndProject
Project("{2150E333-8FDC-42A3-9474-1A3956D46DE8}") = "IdentityService", "IdentityService", "{96D0407A-30AC-4AC2-A79C-4EF9019059F0}"
EndProject
Project("{2150E333-8FDC-42A3-9474-1A3956D46DE8}") = "BasketService", "BasketService", "{6F159CCC-4665-409C-8A7B-036FB967C8C0}"
EndProject
Project("{2150E333-8FDC-42A3-9474-1A3956D46DE8}") = "OrderService", "OrderService", "{05EB2419-A101-4076-83C8-EAA46200AE0D}"
EndProject
Project("{2150E333-8FDC-42A3-9474-1A3956D46DE8}") = "API", "API", "{DF1E8F44-F311-4D01-A5A0-40B706E9F569}"
EndProject
Project("{2150E333-8FDC-42A3-9474-1A3956D46DE8}") = "Core", "Core", "{D51D053C-7576-4683-A0AF-8E6985ADFC91}"
EndProject
Project("{FAE04EC0-301F-11D3-BF4B-00C04F79EFBC}") = "MicroShop.Catalog.Core.Domain.Models", "MicroShop.Catalog.Core.Domain\MicroShop.Catalog.Core.Domain.Models.csproj", "{781D4B2A-06E3-4301-8CF3-C714DB22E9FB}"
EndProject
Project("{FAE04EC0-301F-11D3-BF4B-00C04F79EFBC}") = "MicroShop.Catalog.Code.Domain.Application", "MicroShop.Catalog.Code.Domain.Application\MicroShop.Catalog.Code.Domain.Application.csproj", "{D77DF0CF-1E92-4FB7-A64E-F13F2ECC9AF2}"
EndProject
Global
	GlobalSection(SolutionConfigurationPlatforms) = preSolution
		Debug|Any CPU = Debug|Any CPU
		Release|Any CPU = Release|Any CPU
	EndGlobalSection
	GlobalSection(ProjectConfigurationPlatforms) = postSolution
		{CE3E1B3B-FBAF-4C56-93A5-CC292C175739}.Debug|Any CPU.ActiveCfg = Debug|Any CPU
		{CE3E1B3B-FBAF-4C56-93A5-CC292C175739}.Debug|Any CPU.Build.0 = Debug|Any CPU
		{CE3E1B3B-FBAF-4C56-93A5-CC292C175739}.Release|Any CPU.ActiveCfg = Release|Any CPU
		{CE3E1B3B-FBAF-4C56-93A5-CC292C175739}.Release|Any CPU.Build.0 = Release|Any CPU
		{781D4B2A-06E3-4301-8CF3-C714DB22E9FB}.Debug|Any CPU.ActiveCfg = Debug|Any CPU
		{781D4B2A-06E3-4301-8CF3-C714DB22E9FB}.Debug|Any CPU.Build.0 = Debug|Any CPU
		{781D4B2A-06E3-4301-8CF3-C714DB22E9FB}.Release|Any CPU.ActiveCfg = Release|Any CPU
		{781D4B2A-06E3-4301-8CF3-C714DB22E9FB}.Release|Any CPU.Build.0 = Release|Any CPU
		{D77DF0CF-1E92-4FB7-A64E-F13F2ECC9AF2}.Debug|Any CPU.ActiveCfg = Debug|Any CPU
		{D77DF0CF-1E92-4FB7-A64E-F13F2ECC9AF2}.Debug|Any CPU.Build.0 = Debug|Any CPU
		{D77DF0CF-1E92-4FB7-A64E-F13F2ECC9AF2}.Release|Any CPU.ActiveCfg = Release|Any CPU
		{D77DF0CF-1E92-4FB7-A64E-F13F2ECC9AF2}.Release|Any CPU.Build.0 = Release|Any CPU
	EndGlobalSection
	GlobalSection(SolutionProperties) = preSolution
		HideSolutionNode = FALSE
	EndGlobalSection
	GlobalSection(NestedProjects) = preSolution
		{CE3E1B3B-FBAF-4C56-93A5-CC292C175739} = {DF1E8F44-F311-4D01-A5A0-40B706E9F569}
		{DF1E8F44-F311-4D01-A5A0-40B706E9F569} = {78A0EE76-43A4-4874-AA94-C0DF1C3E5E1C}
		{D51D053C-7576-4683-A0AF-8E6985ADFC91} = {78A0EE76-43A4-4874-AA94-C0DF1C3E5E1C}
		{781D4B2A-06E3-4301-8CF3-C714DB22E9FB} = {D51D053C-7576-4683-A0AF-8E6985ADFC91}
		{D77DF0CF-1E92-4FB7-A64E-F13F2ECC9AF2} = {D51D053C-7576-4683-A0AF-8E6985ADFC91}
	EndGlobalSection
	GlobalSection(ExtensibilityGlobals) = postSolution
		SolutionGuid = {0DE0740B-4B46-4C52-B442-7ECB58E06A51}
	EndGlobalSection
EndGlobal
