
Microsoft Visual Studio Solution File, Format Version 12.00
# Visual Studio Version 17
VisualStudioVersion = 17.1.32414.318
MinimumVisualStudioVersion = 10.0.40219.1
Project("{2150E333-8FDC-42A3-9474-1A3956D46DE8}") = "CatalogService", "CatalogService", "{78A0EE76-43A4-4874-AA94-C0DF1C3E5E1C}"
EndProject
Project("{2150E333-8FDC-42A3-9474-1A3956D46DE8}") = "API", "API", "{DF1E8F44-F311-4D01-A5A0-40B706E9F569}"
EndProject
Project("{2150E333-8FDC-42A3-9474-1A3956D46DE8}") = "Database", "Database", "{F77CE2D0-D3CB-4AE4-B814-8185217C2F8A}"
EndProject
Project("{2150E333-8FDC-42A3-9474-1A3956D46DE8}") = "Application", "Application", "{F42992F1-9332-4BB1-B11C-50DDC64E030E}"
EndProject
Project("{2150E333-8FDC-42A3-9474-1A3956D46DE8}") = "Features", "Features", "{EE7C8694-F31A-4F9A-BE50-BE5DAFE80477}"
EndProject
Project("{2150E333-8FDC-42A3-9474-1A3956D46DE8}") = "Services", "Services", "{EA5FE813-E0E7-4528-8AD6-15B5017907DC}"
EndProject
Project("{2150E333-8FDC-42A3-9474-1A3956D46DE8}") = "Core", "Core", "{D8C77DFA-56A9-4113-AA8E-34F1884106EC}"
EndProject
Project("{2150E333-8FDC-42A3-9474-1A3956D46DE8}") = "Domain", "Domain", "{D60475DC-04F3-4088-81C2-C178F8AB1631}"
EndProject
Project("{9A19103F-16F7-4668-BE54-9A1E7A4F7556}") = "MicroShop.CatalogService.Application.Features.Products", "src\CatalogService\MicroShop.CatalogService.Application.Features.Products\MicroShop.CatalogService.Application.Features.Products.csproj", "{13EAB088-EBD7-4CA7-AB76-BD06B7007798}"
EndProject
Project("{9A19103F-16F7-4668-BE54-9A1E7A4F7556}") = "MicroShop.CatalogService.Database", "src\CatalogService\MicroShop.CatalogService.Database\MicroShop.CatalogService.Database.csproj", "{FFF5DC25-4D87-4E70-A4CE-9DFBA083EB30}"
EndProject
Project("{9A19103F-16F7-4668-BE54-9A1E7A4F7556}") = "MicroShop.CatalogService.Domain.Entities", "src\CatalogService\MicroShop.CatalogService.Domain.Entities\MicroShop.CatalogService.Domain.Entities.csproj", "{B7FDCD74-0080-4619-931C-88642ABC5C89}"
EndProject
Project("{9A19103F-16F7-4668-BE54-9A1E7A4F7556}") = "MicroShop.CatalogService.API", "src\CatalogService\MicroShop.CatalogService.API\MicroShop.CatalogService.API.csproj", "{3C614DC6-FDAF-4B7B-ACAF-F3B9C86D22C4}"
EndProject
Project("{9A19103F-16F7-4668-BE54-9A1E7A4F7556}") = "MicroShop.CatalogService.Application.Services.Mapper", "src\CatalogService\MicroShop.CatalogService.Application.Services.Mapper\MicroShop.CatalogService.Application.Services.Mapper.csproj", "{23345B5B-08C6-41E8-8181-BEF9A332D1FE}"
EndProject
Project("{2150E333-8FDC-42A3-9474-1A3956D46DE8}") = "Abstractions", "Abstractions", "{9E016E63-D6E5-4E63-9AF0-3B3BDBB7A1F1}"
EndProject
Project("{9A19103F-16F7-4668-BE54-9A1E7A4F7556}") = "MicroShop.CatalogService.Application.DataTransferObjects", "src\CatalogService\MicroShop.CatalogService.Application.DataTransferObjects\MicroShop.CatalogService.Application.DataTransferObjects.csproj", "{141438A1-5569-4B31-AEB8-DD3C717E0807}"
EndProject
Project("{9A19103F-16F7-4668-BE54-9A1E7A4F7556}") = "MicroShop.CatalogService.Core.Abstractions.Requests", "src\CatalogService\MicroShop.CatalogService.Core.Abstractions.Requests\MicroShop.CatalogService.Core.Abstractions.Requests.csproj", "{FC5E915D-0BBC-48DE-95CF-923EAEB0076A}"
EndProject
Project("{9A19103F-16F7-4668-BE54-9A1E7A4F7556}") = "MicroShop.CatalogService.Core.Containers", "src\CatalogService\MicroShop.CatalogService.Core.Containers\MicroShop.CatalogService.Core.Containers.csproj", "{17C1E834-A3BC-4D35-B96E-68A434A819A9}"
EndProject
Project("{9A19103F-16F7-4668-BE54-9A1E7A4F7556}") = "MicroShop.CatalogService.Application.Features.ProductBrands", "src\CatalogService\MicroShop.CatalogService.Application.Features.ProductBrands\MicroShop.CatalogService.Application.Features.ProductBrands.csproj", "{4BED3A2E-CCB9-4EA6-B558-E04ED603CF01}"
EndProject
Project("{9A19103F-16F7-4668-BE54-9A1E7A4F7556}") = "MicroShop.CatalogService.Application.Features.ProductTypes", "src\CatalogService\MicroShop.CatalogService.Application.Features.ProductTypes\MicroShop.CatalogService.Application.Features.ProductTypes.csproj", "{DD158413-CA1C-4420-B415-FFB8B4D9D24F}"
EndProject
Project("{2150E333-8FDC-42A3-9474-1A3956D46DE8}") = "Interfaces", "Interfaces", "{8C417FB4-452A-43AE-AC78-B55A8625D5E3}"
EndProject
Project("{FAE04EC0-301F-11D3-BF4B-00C04F79EFBC}") = "MicroShop.CatalogService.Core.Interfaces.Database", "src\CatalogService\MicroShop.CatalogService.Core.Interfaces.Database\MicroShop.CatalogService.Core.Interfaces.Database.csproj", "{D9726CCF-0A67-45DE-99A1-523FC2452CF9}"
EndProject
Global
	GlobalSection(SolutionConfigurationPlatforms) = preSolution
		Debug|Any CPU = Debug|Any CPU
		Release|Any CPU = Release|Any CPU
	EndGlobalSection
	GlobalSection(ProjectConfigurationPlatforms) = postSolution
		{13EAB088-EBD7-4CA7-AB76-BD06B7007798}.Debug|Any CPU.ActiveCfg = Debug|Any CPU
		{13EAB088-EBD7-4CA7-AB76-BD06B7007798}.Debug|Any CPU.Build.0 = Debug|Any CPU
		{13EAB088-EBD7-4CA7-AB76-BD06B7007798}.Release|Any CPU.ActiveCfg = Release|Any CPU
		{13EAB088-EBD7-4CA7-AB76-BD06B7007798}.Release|Any CPU.Build.0 = Release|Any CPU
		{FFF5DC25-4D87-4E70-A4CE-9DFBA083EB30}.Debug|Any CPU.ActiveCfg = Debug|Any CPU
		{FFF5DC25-4D87-4E70-A4CE-9DFBA083EB30}.Debug|Any CPU.Build.0 = Debug|Any CPU
		{FFF5DC25-4D87-4E70-A4CE-9DFBA083EB30}.Release|Any CPU.ActiveCfg = Release|Any CPU
		{FFF5DC25-4D87-4E70-A4CE-9DFBA083EB30}.Release|Any CPU.Build.0 = Release|Any CPU
		{B7FDCD74-0080-4619-931C-88642ABC5C89}.Debug|Any CPU.ActiveCfg = Debug|Any CPU
		{B7FDCD74-0080-4619-931C-88642ABC5C89}.Debug|Any CPU.Build.0 = Debug|Any CPU
		{B7FDCD74-0080-4619-931C-88642ABC5C89}.Release|Any CPU.ActiveCfg = Release|Any CPU
		{B7FDCD74-0080-4619-931C-88642ABC5C89}.Release|Any CPU.Build.0 = Release|Any CPU
		{3C614DC6-FDAF-4B7B-ACAF-F3B9C86D22C4}.Debug|Any CPU.ActiveCfg = Debug|Any CPU
		{3C614DC6-FDAF-4B7B-ACAF-F3B9C86D22C4}.Debug|Any CPU.Build.0 = Debug|Any CPU
		{3C614DC6-FDAF-4B7B-ACAF-F3B9C86D22C4}.Release|Any CPU.ActiveCfg = Release|Any CPU
		{3C614DC6-FDAF-4B7B-ACAF-F3B9C86D22C4}.Release|Any CPU.Build.0 = Release|Any CPU
		{23345B5B-08C6-41E8-8181-BEF9A332D1FE}.Debug|Any CPU.ActiveCfg = Debug|Any CPU
		{23345B5B-08C6-41E8-8181-BEF9A332D1FE}.Debug|Any CPU.Build.0 = Debug|Any CPU
		{23345B5B-08C6-41E8-8181-BEF9A332D1FE}.Release|Any CPU.ActiveCfg = Release|Any CPU
		{23345B5B-08C6-41E8-8181-BEF9A332D1FE}.Release|Any CPU.Build.0 = Release|Any CPU
		{141438A1-5569-4B31-AEB8-DD3C717E0807}.Debug|Any CPU.ActiveCfg = Debug|Any CPU
		{141438A1-5569-4B31-AEB8-DD3C717E0807}.Debug|Any CPU.Build.0 = Debug|Any CPU
		{141438A1-5569-4B31-AEB8-DD3C717E0807}.Release|Any CPU.ActiveCfg = Release|Any CPU
		{141438A1-5569-4B31-AEB8-DD3C717E0807}.Release|Any CPU.Build.0 = Release|Any CPU
		{FC5E915D-0BBC-48DE-95CF-923EAEB0076A}.Debug|Any CPU.ActiveCfg = Debug|Any CPU
		{FC5E915D-0BBC-48DE-95CF-923EAEB0076A}.Debug|Any CPU.Build.0 = Debug|Any CPU
		{FC5E915D-0BBC-48DE-95CF-923EAEB0076A}.Release|Any CPU.ActiveCfg = Release|Any CPU
		{FC5E915D-0BBC-48DE-95CF-923EAEB0076A}.Release|Any CPU.Build.0 = Release|Any CPU
		{17C1E834-A3BC-4D35-B96E-68A434A819A9}.Debug|Any CPU.ActiveCfg = Debug|Any CPU
		{17C1E834-A3BC-4D35-B96E-68A434A819A9}.Debug|Any CPU.Build.0 = Debug|Any CPU
		{17C1E834-A3BC-4D35-B96E-68A434A819A9}.Release|Any CPU.ActiveCfg = Release|Any CPU
		{17C1E834-A3BC-4D35-B96E-68A434A819A9}.Release|Any CPU.Build.0 = Release|Any CPU
		{4BED3A2E-CCB9-4EA6-B558-E04ED603CF01}.Debug|Any CPU.ActiveCfg = Debug|Any CPU
		{4BED3A2E-CCB9-4EA6-B558-E04ED603CF01}.Debug|Any CPU.Build.0 = Debug|Any CPU
		{4BED3A2E-CCB9-4EA6-B558-E04ED603CF01}.Release|Any CPU.ActiveCfg = Release|Any CPU
		{4BED3A2E-CCB9-4EA6-B558-E04ED603CF01}.Release|Any CPU.Build.0 = Release|Any CPU
		{DD158413-CA1C-4420-B415-FFB8B4D9D24F}.Debug|Any CPU.ActiveCfg = Debug|Any CPU
		{DD158413-CA1C-4420-B415-FFB8B4D9D24F}.Debug|Any CPU.Build.0 = Debug|Any CPU
		{DD158413-CA1C-4420-B415-FFB8B4D9D24F}.Release|Any CPU.ActiveCfg = Release|Any CPU
		{DD158413-CA1C-4420-B415-FFB8B4D9D24F}.Release|Any CPU.Build.0 = Release|Any CPU
		{D9726CCF-0A67-45DE-99A1-523FC2452CF9}.Debug|Any CPU.ActiveCfg = Debug|Any CPU
		{D9726CCF-0A67-45DE-99A1-523FC2452CF9}.Debug|Any CPU.Build.0 = Debug|Any CPU
		{D9726CCF-0A67-45DE-99A1-523FC2452CF9}.Release|Any CPU.ActiveCfg = Release|Any CPU
		{D9726CCF-0A67-45DE-99A1-523FC2452CF9}.Release|Any CPU.Build.0 = Release|Any CPU
	EndGlobalSection
	GlobalSection(SolutionProperties) = preSolution
		HideSolutionNode = FALSE
	EndGlobalSection
	GlobalSection(NestedProjects) = preSolution
		{DF1E8F44-F311-4D01-A5A0-40B706E9F569} = {78A0EE76-43A4-4874-AA94-C0DF1C3E5E1C}
		{F77CE2D0-D3CB-4AE4-B814-8185217C2F8A} = {78A0EE76-43A4-4874-AA94-C0DF1C3E5E1C}
		{F42992F1-9332-4BB1-B11C-50DDC64E030E} = {78A0EE76-43A4-4874-AA94-C0DF1C3E5E1C}
		{EE7C8694-F31A-4F9A-BE50-BE5DAFE80477} = {F42992F1-9332-4BB1-B11C-50DDC64E030E}
		{EA5FE813-E0E7-4528-8AD6-15B5017907DC} = {F42992F1-9332-4BB1-B11C-50DDC64E030E}
		{D8C77DFA-56A9-4113-AA8E-34F1884106EC} = {78A0EE76-43A4-4874-AA94-C0DF1C3E5E1C}
		{D60475DC-04F3-4088-81C2-C178F8AB1631} = {78A0EE76-43A4-4874-AA94-C0DF1C3E5E1C}
		{13EAB088-EBD7-4CA7-AB76-BD06B7007798} = {EE7C8694-F31A-4F9A-BE50-BE5DAFE80477}
		{FFF5DC25-4D87-4E70-A4CE-9DFBA083EB30} = {F77CE2D0-D3CB-4AE4-B814-8185217C2F8A}
		{B7FDCD74-0080-4619-931C-88642ABC5C89} = {D60475DC-04F3-4088-81C2-C178F8AB1631}
		{3C614DC6-FDAF-4B7B-ACAF-F3B9C86D22C4} = {DF1E8F44-F311-4D01-A5A0-40B706E9F569}
		{23345B5B-08C6-41E8-8181-BEF9A332D1FE} = {EA5FE813-E0E7-4528-8AD6-15B5017907DC}
		{9E016E63-D6E5-4E63-9AF0-3B3BDBB7A1F1} = {D8C77DFA-56A9-4113-AA8E-34F1884106EC}
		{141438A1-5569-4B31-AEB8-DD3C717E0807} = {F42992F1-9332-4BB1-B11C-50DDC64E030E}
		{FC5E915D-0BBC-48DE-95CF-923EAEB0076A} = {9E016E63-D6E5-4E63-9AF0-3B3BDBB7A1F1}
		{17C1E834-A3BC-4D35-B96E-68A434A819A9} = {D8C77DFA-56A9-4113-AA8E-34F1884106EC}
		{4BED3A2E-CCB9-4EA6-B558-E04ED603CF01} = {EE7C8694-F31A-4F9A-BE50-BE5DAFE80477}
		{DD158413-CA1C-4420-B415-FFB8B4D9D24F} = {EE7C8694-F31A-4F9A-BE50-BE5DAFE80477}
		{8C417FB4-452A-43AE-AC78-B55A8625D5E3} = {D8C77DFA-56A9-4113-AA8E-34F1884106EC}
		{D9726CCF-0A67-45DE-99A1-523FC2452CF9} = {8C417FB4-452A-43AE-AC78-B55A8625D5E3}
	EndGlobalSection
	GlobalSection(ExtensibilityGlobals) = postSolution
		SolutionGuid = {0DE0740B-4B46-4C52-B442-7ECB58E06A51}
	EndGlobalSection
EndGlobal
